
Microsoft Visual Studio Solution File, Format Version 12.00
# Visual Studio Version 17
VisualStudioVersion = 17.14.36414.22 d17.14
MinimumVisualStudioVersion = 10.0.40219.1
Project("{FAE04EC0-301F-11D3-BF4B-00C04F79EFBC}") = "ClarkUniversityApp", "ClarkUniversityApp.csproj", "{09EC8A17-A269-49A4-9204-C3CD6C9261A1}"
EndProject
Global
	GlobalSection(SolutionConfigurationPlatforms) = preSolution
		Debug|Any CPU = Debug|Any CPU
		Release|Any CPU = Release|Any CPU
	EndGlobalSection
	GlobalSection(ProjectConfigurationPlatforms) = postSolution
		{09EC8A17-A269-49A4-9204-C3CD6C9261A1}.Debug|Any CPU.ActiveCfg = Debug|Any CPU
		{09EC8A17-A269-49A4-9204-C3CD6C9261A1}.Debug|Any CPU.Build.0 = Debug|Any CPU
		{09EC8A17-A269-49A4-9204-C3CD6C9261A1}.Release|Any CPU.ActiveCfg = Release|Any CPU
		{09EC8A17-A269-49A4-9204-C3CD6C9261A1}.Release|Any CPU.Build.0 = Release|Any CPU
	EndGlobalSection
	GlobalSection(SolutionProperties) = preSolution
		HideSolutionNode = FALSE
	EndGlobalSection
	GlobalSection(ExtensibilityGlobals) = postSolution
		SolutionGuid = {13E2BDB6-FEE6-436D-BB1D-FC75A1B37A36}
	EndGlobalSection
EndGlobal
