
Microsoft Visual Studio Solution File, Format Version 12.00
# Visual Studio Version 17
VisualStudioVersion = 17.14.36705.20 d17.14
MinimumVisualStudioVersion = 10.0.40219.1
Project("{FAE04EC0-301F-11D3-BF4B-00C04F79EFBC}") = "Project3", "Project3.csproj", "{230B1165-3F9A-42E3-AA86-ECB00D1B43C6}"
EndProject
Global
	GlobalSection(SolutionConfigurationPlatforms) = preSolution
		Debug|Any CPU = Debug|Any CPU
		Release|Any CPU = Release|Any CPU
	EndGlobalSection
	GlobalSection(ProjectConfigurationPlatforms) = postSolution
		{230B1165-3F9A-42E3-AA86-ECB00D1B43C6}.Debug|Any CPU.ActiveCfg = Debug|Any CPU
		{230B1165-3F9A-42E3-AA86-ECB00D1B43C6}.Debug|Any CPU.Build.0 = Debug|Any CPU
		{230B1165-3F9A-42E3-AA86-ECB00D1B43C6}.Release|Any CPU.ActiveCfg = Release|Any CPU
		{230B1165-3F9A-42E3-AA86-ECB00D1B43C6}.Release|Any CPU.Build.0 = Release|Any CPU
	EndGlobalSection
	GlobalSection(SolutionProperties) = preSolution
		HideSolutionNode = FALSE
	EndGlobalSection
	GlobalSection(ExtensibilityGlobals) = postSolution
		SolutionGuid = {5671BD7B-DF6F-43A1-B727-15F645797792}
	EndGlobalSection
EndGlobal
