
Microsoft Visual Studio Solution File, Format Version 12.00
# Visual Studio Version 17
VisualStudioVersion = 17.14.36414.22 d17.14
MinimumVisualStudioVersion = 10.0.40219.1
Project("{FAE04EC0-301F-11D3-BF4B-00C04F79EFBC}") = "StudentFileProcessing", "StudentFileProcessing.csproj", "{179DAE55-38AB-4D11-B7C1-5C5237A6CFF3}"
EndProject
Global
	GlobalSection(SolutionConfigurationPlatforms) = preSolution
		Debug|Any CPU = Debug|Any CPU
		Release|Any CPU = Release|Any CPU
	EndGlobalSection
	GlobalSection(ProjectConfigurationPlatforms) = postSolution
		{179DAE55-38AB-4D11-B7C1-5C5237A6CFF3}.Debug|Any CPU.ActiveCfg = Debug|Any CPU
		{179DAE55-38AB-4D11-B7C1-5C5237A6CFF3}.Debug|Any CPU.Build.0 = Debug|Any CPU
		{179DAE55-38AB-4D11-B7C1-5C5237A6CFF3}.Release|Any CPU.ActiveCfg = Release|Any CPU
		{179DAE55-38AB-4D11-B7C1-5C5237A6CFF3}.Release|Any CPU.Build.0 = Release|Any CPU
	EndGlobalSection
	GlobalSection(SolutionProperties) = preSolution
		HideSolutionNode = FALSE
	EndGlobalSection
	GlobalSection(ExtensibilityGlobals) = postSolution
		SolutionGuid = {76E09D9B-293E-4627-9F0E-F0D073B0B75D}
	EndGlobalSection
EndGlobal
